// !$*UTF8*$!
{
	archiveVersion = 1;
	classes = {
	};
	objectVersion = 56;
	objects = {

/* Begin PBXBuildFile section */
		7D4A83B52CBD7048009E8219 /* WeatherViewModel.swift in Sources */ = {isa = PBXBuildFile; fileRef = 7D4A83B42CBD7048009E8219 /* WeatherViewModel.swift */; };
		7D8C21BF2C88A3CC00D544C7 /* weatherforcastApp.swift in Sources */ = {isa = PBXBuildFile; fileRef = 7D8C21BE2C88A3CC00D544C7 /* weatherforcastApp.swift */; };
		7D8C21C12C88A3CC00D544C7 /* ContentView.swift in Sources */ = {isa = PBXBuildFile; fileRef = 7D8C21C02C88A3CC00D544C7 /* ContentView.swift */; };
		7D8C21C32C88A3CC00D544C7 /* Item.swift in Sources */ = {isa = PBXBuildFile; fileRef = 7D8C21C22C88A3CC00D544C7 /* Item.swift */; };
		7D8C21C52C88A3CD00D544C7 /* Assets.xcassets in Resources */ = {isa = PBXBuildFile; fileRef = 7D8C21C42C88A3CD00D544C7 /* Assets.xcassets */; };
		7D8C21C82C88A3CD00D544C7 /* Preview Assets.xcassets in Resources */ = {isa = PBXBuildFile; fileRef = 7D8C21C72C88A3CD00D544C7 /* Preview Assets.xcassets */; };
		7D8C21D22C88A3CD00D544C7 /* weatherforcastTests.swift in Sources */ = {isa = PBXBuildFile; fileRef = 7D8C21D12C88A3CD00D544C7 /* weatherforcastTests.swift */; };
		7D8C21DC2C88A3CD00D544C7 /* weatherforcastUITests.swift in Sources */ = {isa = PBXBuildFile; fileRef = 7D8C21DB2C88A3CD00D544C7 /* weatherforcastUITests.swift */; };
		7D8C21DE2C88A3CD00D544C7 /* weatherforcastUITestsLaunchTests.swift in Sources */ = {isa = PBXBuildFile; fileRef = 7D8C21DD2C88A3CD00D544C7 /* weatherforcastUITestsLaunchTests.swift */; };
		7D8C21EE2C88A63D00D544C7 /* searchheaderView.swift in Sources */ = {isa = PBXBuildFile; fileRef = 7D8C21ED2C88A63D00D544C7 /* searchheaderView.swift */; };
		7D8C21F22C88B0F500D544C7 /* CityNameView.swift in Sources */ = {isa = PBXBuildFile; fileRef = 7D8C21F12C88B0F500D544C7 /* CityNameView.swift */; };
		7D8C21F42C88B2AA00D544C7 /* CurrentWeatherView.swift in Sources */ = {isa = PBXBuildFile; fileRef = 7D8C21F32C88B2AA00D544C7 /* CurrentWeatherView.swift */; };
		7D9335262C8A029600E15E89 /* threedayforcast.swift in Sources */ = {isa = PBXBuildFile; fileRef = 7D9335252C8A029600E15E89 /* threedayforcast.swift */; };
/* End PBXBuildFile section */

/* Begin PBXContainerItemProxy section */
		7D8C21CE2C88A3CD00D544C7 /* PBXContainerItemProxy */ = {
			isa = PBXContainerItemProxy;
			containerPortal = 7D8C21B32C88A3CC00D544C7 /* Project object */;
			proxyType = 1;
			remoteGlobalIDString = 7D8C21BA2C88A3CC00D544C7;
			remoteInfo = weatherforcast;
		};
		7D8C21D82C88A3CD00D544C7 /* PBXContainerItemProxy */ = {
			isa = PBXContainerItemProxy;
			containerPortal = 7D8C21B32C88A3CC00D544C7 /* Project object */;
			proxyType = 1;
			remoteGlobalIDString = 7D8C21BA2C88A3CC00D544C7;
			remoteInfo = weatherforcast;
		};
/* End PBXContainerItemProxy section */

/* Begin PBXFileReference section */
		7D4A83B42CBD7048009E8219 /* WeatherViewModel.swift */ = {isa = PBXFileReference; lastKnownFileType = sourcecode.swift; path = WeatherViewModel.swift; sourceTree = "<group>"; };
		7D8C21BB2C88A3CC00D544C7 /* weatherforcast.app */ = {isa = PBXFileReference; explicitFileType = wrapper.application; includeInIndex = 0; path = weatherforcast.app; sourceTree = BUILT_PRODUCTS_DIR; };
		7D8C21BE2C88A3CC00D544C7 /* weatherforcastApp.swift */ = {isa = PBXFileReference; lastKnownFileType = sourcecode.swift; path = weatherforcastApp.swift; sourceTree = "<group>"; };
		7D8C21C02C88A3CC00D544C7 /* ContentView.swift */ = {isa = PBXFileReference; lastKnownFileType = sourcecode.swift; path = ContentView.swift; sourceTree = "<group>"; };
		7D8C21C22C88A3CC00D544C7 /* Item.swift */ = {isa = PBXFileReference; lastKnownFileType = sourcecode.swift; path = Item.swift; sourceTree = "<group>"; };
		7D8C21C42C88A3CD00D544C7 /* Assets.xcassets */ = {isa = PBXFileReference; lastKnownFileType = folder.assetcatalog; path = Assets.xcassets; sourceTree = "<group>"; };
		7D8C21C72C88A3CD00D544C7 /* Preview Assets.xcassets */ = {isa = PBXFileReference; lastKnownFileType = folder.assetcatalog; path = "Preview Assets.xcassets"; sourceTree = "<group>"; };
		7D8C21CD2C88A3CD00D544C7 /* weatherforcastTests.xctest */ = {isa = PBXFileReference; explicitFileType = wrapper.cfbundle; includeInIndex = 0; path = weatherforcastTests.xctest; sourceTree = BUILT_PRODUCTS_DIR; };
		7D8C21D12C88A3CD00D544C7 /* weatherforcastTests.swift */ = {isa = PBXFileReference; lastKnownFileType = sourcecode.swift; path = weatherforcastTests.swift; sourceTree = "<group>"; };
		7D8C21D72C88A3CD00D544C7 /* weatherforcastUITests.xctest */ = {isa = PBXFileReference; explicitFileType = wrapper.cfbundle; includeInIndex = 0; path = weatherforcastUITests.xctest; sourceTree = BUILT_PRODUCTS_DIR; };
		7D8C21DB2C88A3CD00D544C7 /* weatherforcastUITests.swift */ = {isa = PBXFileReference; lastKnownFileType = sourcecode.swift; path = weatherforcastUITests.swift; sourceTree = "<group>"; };
		7D8C21DD2C88A3CD00D544C7 /* weatherforcastUITestsLaunchTests.swift */ = {isa = PBXFileReference; lastKnownFileType = sourcecode.swift; path = weatherforcastUITestsLaunchTests.swift; sourceTree = "<group>"; };
		7D8C21ED2C88A63D00D544C7 /* searchheaderView.swift */ = {isa = PBXFileReference; lastKnownFileType = sourcecode.swift; path = searchheaderView.swift; sourceTree = "<group>"; };
		7D8C21F12C88B0F500D544C7 /* CityNameView.swift */ = {isa = PBXFileReference; lastKnownFileType = sourcecode.swift; path = CityNameView.swift; sourceTree = "<group>"; };
		7D8C21F32C88B2AA00D544C7 /* CurrentWeatherView.swift */ = {isa = PBXFileReference; lastKnownFileType = sourcecode.swift; path = CurrentWeatherView.swift; sourceTree = "<group>"; };
		7D9335252C8A029600E15E89 /* threedayforcast.swift */ = {isa = PBXFileReference; lastKnownFileType = sourcecode.swift; path = threedayforcast.swift; sourceTree = "<group>"; };
/* End PBXFileReference section */

/* Begin PBXFrameworksBuildPhase section */
		7D8C21B82C88A3CC00D544C7 /* Frameworks */ = {
			isa = PBXFrameworksBuildPhase;
			buildActionMask = 2147483647;
			files = (
			);
			runOnlyForDeploymentPostprocessing = 0;
		};
		7D8C21CA2C88A3CD00D544C7 /* Frameworks */ = {
			isa = PBXFrameworksBuildPhase;
			buildActionMask = 2147483647;
			files = (
			);
			runOnlyForDeploymentPostprocessing = 0;
		};
		7D8C21D42C88A3CD00D544C7 /* Frameworks */ = {
			isa = PBXFrameworksBuildPhase;
			buildActionMask = 2147483647;
			files = (
			);
			runOnlyForDeploymentPostprocessing = 0;
		};
/* End PBXFrameworksBuildPhase section */

/* Begin PBXGroup section */
		7D8C21B22C88A3CC00D544C7 = {
			isa = PBXGroup;
			children = (
				7D8C21EA2C88A4BA00D544C7 /* model */,
				7D8C21EB2C88A4C500D544C7 /* view */,
				7D8C21EC2C88A4CC00D544C7 /* view model */,
				7D8C21BD2C88A3CC00D544C7 /* weatherforcast */,
				7D8C21D02C88A3CD00D544C7 /* weatherforcastTests */,
				7D8C21DA2C88A3CD00D544C7 /* weatherforcastUITests */,
				7D8C21BC2C88A3CC00D544C7 /* Products */,
			);
			sourceTree = "<group>";
		};
		7D8C21BC2C88A3CC00D544C7 /* Products */ = {
			isa = PBXGroup;
			children = (
				7D8C21BB2C88A3CC00D544C7 /* weatherforcast.app */,
				7D8C21CD2C88A3CD00D544C7 /* weatherforcastTests.xctest */,
				7D8C21D72C88A3CD00D544C7 /* weatherforcastUITests.xctest */,
			);
			name = Products;
			sourceTree = "<group>";
		};
		7D8C21BD2C88A3CC00D544C7 /* weatherforcast */ = {
			isa = PBXGroup;
			children = (
				7D8C21BE2C88A3CC00D544C7 /* weatherforcastApp.swift */,
				7D8C21C22C88A3CC00D544C7 /* Item.swift */,
				7D8C21C42C88A3CD00D544C7 /* Assets.xcassets */,
				7D8C21C62C88A3CD00D544C7 /* Preview Content */,
			);
			path = weatherforcast;
			sourceTree = "<group>";
		};
		7D8C21C62C88A3CD00D544C7 /* Preview Content */ = {
			isa = PBXGroup;
			children = (
				7D8C21C72C88A3CD00D544C7 /* Preview Assets.xcassets */,
			);
			path = "Preview Content";
			sourceTree = "<group>";
		};
		7D8C21D02C88A3CD00D544C7 /* weatherforcastTests */ = {
			isa = PBXGroup;
			children = (
				7D8C21D12C88A3CD00D544C7 /* weatherforcastTests.swift */,
			);
			path = weatherforcastTests;
			sourceTree = "<group>";
		};
		7D8C21DA2C88A3CD00D544C7 /* weatherforcastUITests */ = {
			isa = PBXGroup;
			children = (
				7D8C21DB2C88A3CD00D544C7 /* weatherforcastUITests.swift */,
				7D8C21DD2C88A3CD00D544C7 /* weatherforcastUITestsLaunchTests.swift */,
			);
			path = weatherforcastUITests;
			sourceTree = "<group>";
		};
		7D8C21EA2C88A4BA00D544C7 /* model */ = {
			isa = PBXGroup;
			children = (
			);
			path = model;
			sourceTree = "<group>";
		};
		7D8C21EB2C88A4C500D544C7 /* view */ = {
			isa = PBXGroup;
			children = (
				7D8C21C02C88A3CC00D544C7 /* ContentView.swift */,
				7D8C21ED2C88A63D00D544C7 /* searchheaderView.swift */,
				7D8C21F12C88B0F500D544C7 /* CityNameView.swift */,
				7D8C21F32C88B2AA00D544C7 /* CurrentWeatherView.swift */,
				7D9335252C8A029600E15E89 /* threedayforcast.swift */,
			);
			path = view;
			sourceTree = "<group>";
		};
		7D8C21EC2C88A4CC00D544C7 /* view model */ = {
			isa = PBXGroup;
			children = (
				7D4A83B42CBD7048009E8219 /* WeatherViewModel.swift */,
			);
			path = "view model";
			sourceTree = "<group>";
		};
/* End PBXGroup section */

/* Begin PBXNativeTarget section */
		7D8C21BA2C88A3CC00D544C7 /* weatherforcast */ = {
			isa = PBXNativeTarget;
			buildConfigurationList = 7D8C21E12C88A3CD00D544C7 /* Build configuration list for PBXNativeTarget "weatherforcast" */;
			buildPhases = (
				7D8C21B72C88A3CC00D544C7 /* Sources */,
				7D8C21B82C88A3CC00D544C7 /* Frameworks */,
				7D8C21B92C88A3CC00D544C7 /* Resources */,
			);
			buildRules = (
			);
			dependencies = (
			);
			name = weatherforcast;
			productName = weatherforcast;
			productReference = 7D8C21BB2C88A3CC00D544C7 /* weatherforcast.app */;
			productType = "com.apple.product-type.application";
		};
		7D8C21CC2C88A3CD00D544C7 /* weatherforcastTests */ = {
			isa = PBXNativeTarget;
			buildConfigurationList = 7D8C21E42C88A3CD00D544C7 /* Build configuration list for PBXNativeTarget "weatherforcastTests" */;
			buildPhases = (
				7D8C21C92C88A3CD00D544C7 /* Sources */,
				7D8C21CA2C88A3CD00D544C7 /* Frameworks */,
				7D8C21CB2C88A3CD00D544C7 /* Resources */,
			);
			buildRules = (
			);
			dependencies = (
				7D8C21CF2C88A3CD00D544C7 /* PBXTargetDependency */,
			);
			name = weatherforcastTests;
			productName = weatherforcastTests;
			productReference = 7D8C21CD2C88A3CD00D544C7 /* weatherforcastTests.xctest */;
			productType = "com.apple.product-type.bundle.unit-test";
		};
		7D8C21D62C88A3CD00D544C7 /* weatherforcastUITests */ = {
			isa = PBXNativeTarget;
			buildConfigurationList = 7D8C21E72C88A3CD00D544C7 /* Build configuration list for PBXNativeTarget "weatherforcastUITests" */;
			buildPhases = (
				7D8C21D32C88A3CD00D544C7 /* Sources */,
				7D8C21D42C88A3CD00D544C7 /* Frameworks */,
				7D8C21D52C88A3CD00D544C7 /* Resources */,
			);
			buildRules = (
			);
			dependencies = (
				7D8C21D92C88A3CD00D544C7 /* PBXTargetDependency */,
			);
			name = weatherforcastUITests;
			productName = weatherforcastUITests;
			productReference = 7D8C21D72C88A3CD00D544C7 /* weatherforcastUITests.xctest */;
			productType = "com.apple.product-type.bundle.ui-testing";
		};
/* End PBXNativeTarget section */

/* Begin PBXProject section */
		7D8C21B32C88A3CC00D544C7 /* Project object */ = {
			isa = PBXProject;
			attributes = {
				BuildIndependentTargetsInParallel = 1;
				LastSwiftUpdateCheck = 1540;
				LastUpgradeCheck = 1540;
				TargetAttributes = {
					7D8C21BA2C88A3CC00D544C7 = {
						CreatedOnToolsVersion = 15.4;
					};
					7D8C21CC2C88A3CD00D544C7 = {
						CreatedOnToolsVersion = 15.4;
						TestTargetID = 7D8C21BA2C88A3CC00D544C7;
					};
					7D8C21D62C88A3CD00D544C7 = {
						CreatedOnToolsVersion = 15.4;
						TestTargetID = 7D8C21BA2C88A3CC00D544C7;
					};
				};
			};
			buildConfigurationList = 7D8C21B62C88A3CC00D544C7 /* Build configuration list for PBXProject "weatherforcast" */;
			compatibilityVersion = "Xcode 14.0";
			developmentRegion = en;
			hasScannedForEncodings = 0;
			knownRegions = (
				en,
				Base,
			);
			mainGroup = 7D8C21B22C88A3CC00D544C7;
			packageReferences = (
				7D4A83B32CBD6F07009E8219 /* XCRemoteSwiftPackageReference "lottie-ios" */,
			);
			productRefGroup = 7D8C21BC2C88A3CC00D544C7 /* Products */;
			projectDirPath = "";
			projectRoot = "";
			targets = (
				7D8C21BA2C88A3CC00D544C7 /* weatherforcast */,
				7D8C21CC2C88A3CD00D544C7 /* weatherforcastTests */,
				7D8C21D62C88A3CD00D544C7 /* weatherforcastUITests */,
			);
		};
/* End PBXProject section */

/* Begin PBXResourcesBuildPhase section */
		7D8C21B92C88A3CC00D544C7 /* Resources */ = {
			isa = PBXResourcesBuildPhase;
			buildActionMask = 2147483647;
			files = (
				7D8C21C82C88A3CD00D544C7 /* Preview Assets.xcassets in Resources */,
				7D8C21C52C88A3CD00D544C7 /* Assets.xcassets in Resources */,
			);
			runOnlyForDeploymentPostprocessing = 0;
		};
		7D8C21CB2C88A3CD00D544C7 /* Resources */ = {
			isa = PBXResourcesBuildPhase;
			buildActionMask = 2147483647;
			files = (
			);
			runOnlyForDeploymentPostprocessing = 0;
		};
		7D8C21D52C88A3CD00D544C7 /* Resources */ = {
			isa = PBXResourcesBuildPhase;
			buildActionMask = 2147483647;
			files = (
			);
			runOnlyForDeploymentPostprocessing = 0;
		};
/* End PBXResourcesBuildPhase section */

/* Begin PBXSourcesBuildPhase section */
		7D8C21B72C88A3CC00D544C7 /* Sources */ = {
			isa = PBXSourcesBuildPhase;
			buildActionMask = 2147483647;
			files = (
				7D9335262C8A029600E15E89 /* threedayforcast.swift in Sources */,
				7D8C21C12C88A3CC00D544C7 /* ContentView.swift in Sources */,
				7D8C21C32C88A3CC00D544C7 /* Item.swift in Sources */,
				7D8C21F22C88B0F500D544C7 /* CityNameView.swift in Sources */,
				7D8C21F42C88B2AA00D544C7 /* CurrentWeatherView.swift in Sources */,
				7D4A83B52CBD7048009E8219 /* WeatherViewModel.swift in Sources */,
				7D8C21BF2C88A3CC00D544C7 /* weatherforcastApp.swift in Sources */,
				7D8C21EE2C88A63D00D544C7 /* searchheaderView.swift in Sources */,
			);
			runOnlyForDeploymentPostprocessing = 0;
		};
		7D8C21C92C88A3CD00D544C7 /* Sources */ = {
			isa = PBXSourcesBuildPhase;
			buildActionMask = 2147483647;
			files = (
				7D8C21D22C88A3CD00D544C7 /* weatherforcastTests.swift in Sources */,
			);
			runOnlyForDeploymentPostprocessing = 0;
		};
		7D8C21D32C88A3CD00D544C7 /* Sources */ = {
			isa = PBXSourcesBuildPhase;
			buildActionMask = 2147483647;
			files = (
				7D8C21DE2C88A3CD00D544C7 /* weatherforcastUITestsLaunchTests.swift in Sources */,
				7D8C21DC2C88A3CD00D544C7 /* weatherforcastUITests.swift in Sources */,
			);
			runOnlyForDeploymentPostprocessing = 0;
		};
/* End PBXSourcesBuildPhase section */

/* Begin PBXTargetDependency section */
		7D8C21CF2C88A3CD00D544C7 /* PBXTargetDependency */ = {
			isa = PBXTargetDependency;
			target = 7D8C21BA2C88A3CC00D544C7 /* weatherforcast */;
			targetProxy = 7D8C21CE2C88A3CD00D544C7 /* PBXContainerItemProxy */;
		};
		7D8C21D92C88A3CD00D544C7 /* PBXTargetDependency */ = {
			isa = PBXTargetDependency;
			target = 7D8C21BA2C88A3CC00D544C7 /* weatherforcast */;
			targetProxy = 7D8C21D82C88A3CD00D544C7 /* PBXContainerItemProxy */;
		};
/* End PBXTargetDependency section */

/* Begin XCBuildConfiguration section */
		7D8C21DF2C88A3CD00D544C7 /* Debug */ = {
			isa = XCBuildConfiguration;
			buildSettings = {
				ALWAYS_SEARCH_USER_PATHS = NO;
				ASSETCATALOG_COMPILER_GENERATE_SWIFT_ASSET_SYMBOL_EXTENSIONS = YES;
				CLANG_ANALYZER_NONNULL = YES;
				CLANG_ANALYZER_NUMBER_OBJECT_CONVERSION = YES_AGGRESSIVE;
				CLANG_CXX_LANGUAGE_STANDARD = "gnu++20";
				CLANG_ENABLE_MODULES = YES;
				CLANG_ENABLE_OBJC_ARC = YES;
				CLANG_ENABLE_OBJC_WEAK = YES;
				CLANG_WARN_BLOCK_CAPTURE_AUTORELEASING = YES;
				CLANG_WARN_BOOL_CONVERSION = YES;
				CLANG_WARN_COMMA = YES;
				CLANG_WARN_CONSTANT_CONVERSION = YES;
				CLANG_WARN_DEPRECATED_OBJC_IMPLEMENTATIONS = YES;
				CLANG_WARN_DIRECT_OBJC_ISA_USAGE = YES_ERROR;
				CLANG_WARN_DOCUMENTATION_COMMENTS = YES;
				CLANG_WARN_EMPTY_BODY = YES;
				CLANG_WARN_ENUM_CONVERSION = YES;
				CLANG_WARN_INFINITE_RECURSION = YES;
				CLANG_WARN_INT_CONVERSION = YES;
				CLANG_WARN_NON_LITERAL_NULL_CONVERSION = YES;
				CLANG_WARN_OBJC_IMPLICIT_RETAIN_SELF = YES;
				CLANG_WARN_OBJC_LITERAL_CONVERSION = YES;
				CLANG_WARN_OBJC_ROOT_CLASS = YES_ERROR;
				CLANG_WARN_QUOTED_INCLUDE_IN_FRAMEWORK_HEADER = YES;
				CLANG_WARN_RANGE_LOOP_ANALYSIS = YES;
				CLANG_WARN_STRICT_PROTOTYPES = YES;
				CLANG_WARN_SUSPICIOUS_MOVE = YES;
				CLANG_WARN_UNGUARDED_AVAILABILITY = YES_AGGRESSIVE;
				CLANG_WARN_UNREACHABLE_CODE = YES;
				CLANG_WARN__DUPLICATE_METHOD_MATCH = YES;
				COPY_PHASE_STRIP = NO;
				DEBUG_INFORMATION_FORMAT = dwarf;
				ENABLE_STRICT_OBJC_MSGSEND = YES;
				ENABLE_TESTABILITY = YES;
				ENABLE_USER_SCRIPT_SANDBOXING = YES;
				GCC_C_LANGUAGE_STANDARD = gnu17;
				GCC_DYNAMIC_NO_PIC = NO;
				GCC_NO_COMMON_BLOCKS = YES;
				GCC_OPTIMIZATION_LEVEL = 0;
				GCC_PREPROCESSOR_DEFINITIONS = (
					"DEBUG=1",
					"$(inherited)",
				);
				GCC_WARN_64_TO_32_BIT_CONVERSION = YES;
				GCC_WARN_ABOUT_RETURN_TYPE = YES_ERROR;
				GCC_WARN_UNDECLARED_SELECTOR = YES;
				GCC_WARN_UNINITIALIZED_AUTOS = YES_AGGRESSIVE;
				GCC_WARN_UNUSED_FUNCTION = YES;
				GCC_WARN_UNUSED_VARIABLE = YES;
				IPHONEOS_DEPLOYMENT_TARGET = 17.5;
				LOCALIZATION_PREFERS_STRING_CATALOGS = YES;
				MTL_ENABLE_DEBUG_INFO = INCLUDE_SOURCE;
				MTL_FAST_MATH = YES;
				ONLY_ACTIVE_ARCH = YES;
				SDKROOT = iphoneos;
				SWIFT_ACTIVE_COMPILATION_CONDITIONS = "DEBUG $(inherited)";
				SWIFT_OPTIMIZATION_LEVEL = "-Onone";
			};
			name = Debug;
		};
		7D8C21E02C88A3CD00D544C7 /* Release */ = {
			isa = XCBuildConfiguration;
			buildSettings = {
				ALWAYS_SEARCH_USER_PATHS = NO;
				ASSETCATALOG_COMPILER_GENERATE_SWIFT_ASSET_SYMBOL_EXTENSIONS = YES;
				CLANG_ANALYZER_NONNULL = YES;
				CLANG_ANALYZER_NUMBER_OBJECT_CONVERSION = YES_AGGRESSIVE;
				CLANG_CXX_LANGUAGE_STANDARD = "gnu++20";
				CLANG_ENABLE_MODULES = YES;
				CLANG_ENABLE_OBJC_ARC = YES;
				CLANG_ENABLE_OBJC_WEAK = YES;
				CLANG_WARN_BLOCK_CAPTURE_AUTORELEASING = YES;
				CLANG_WARN_BOOL_CONVERSION = YES;
				CLANG_WARN_COMMA = YES;
				CLANG_WARN_CONSTANT_CONVERSION = YES;
				CLANG_WARN_DEPRECATED_OBJC_IMPLEMENTATIONS = YES;
				CLANG_WARN_DIRECT_OBJC_ISA_USAGE = YES_ERROR;
				CLANG_WARN_DOCUMENTATION_COMMENTS = YES;
				CLANG_WARN_EMPTY_BODY = YES;
				CLANG_WARN_ENUM_CONVERSION = YES;
				CLANG_WARN_INFINITE_RECURSION = YES;
				CLANG_WARN_INT_CONVERSION = YES;
				CLANG_WARN_NON_LITERAL_NULL_CONVERSION = YES;
				CLANG_WARN_OBJC_IMPLICIT_RETAIN_SELF = YES;
				CLANG_WARN_OBJC_LITERAL_CONVERSION = YES;
				CLANG_WARN_OBJC_ROOT_CLASS = YES_ERROR;
				CLANG_WARN_QUOTED_INCLUDE_IN_FRAMEWORK_HEADER = YES;
				CLANG_WARN_RANGE_LOOP_ANALYSIS = YES;
				CLANG_WARN_STRICT_PROTOTYPES = YES;
				CLANG_WARN_SUSPICIOUS_MOVE = YES;
				CLANG_WARN_UNGUARDED_AVAILABILITY = YES_AGGRESSIVE;
				CLANG_WARN_UNREACHABLE_CODE = YES;
				CLANG_WARN__DUPLICATE_METHOD_MATCH = YES;
				COPY_PHASE_STRIP = NO;
				DEBUG_INFORMATION_FORMAT = "dwarf-with-dsym";
				ENABLE_NS_ASSERTIONS = NO;
				ENABLE_STRICT_OBJC_MSGSEND = YES;
				ENABLE_USER_SCRIPT_SANDBOXING = YES;
				GCC_C_LANGUAGE_STANDARD = gnu17;
				GCC_NO_COMMON_BLOCKS = YES;
				GCC_WARN_64_TO_32_BIT_CONVERSION = YES;
				GCC_WARN_ABOUT_RETURN_TYPE = YES_ERROR;
				GCC_WARN_UNDECLARED_SELECTOR = YES;
				GCC_WARN_UNINITIALIZED_AUTOS = YES_AGGRESSIVE;
				GCC_WARN_UNUSED_FUNCTION = YES;
				GCC_WARN_UNUSED_VARIABLE = YES;
				IPHONEOS_DEPLOYMENT_TARGET = 17.5;
				LOCALIZATION_PREFERS_STRING_CATALOGS = YES;
				MTL_ENABLE_DEBUG_INFO = NO;
				MTL_FAST_MATH = YES;
				SDKROOT = iphoneos;
				SWIFT_COMPILATION_MODE = wholemodule;
				VALIDATE_PRODUCT = YES;
			};
			name = Release;
		};
		7D8C21E22C88A3CD00D544C7 /* Debug */ = {
			isa = XCBuildConfiguration;
			buildSettings = {
				ASSETCATALOG_COMPILER_APPICON_NAME = AppIcon;
				ASSETCATALOG_COMPILER_GLOBAL_ACCENT_COLOR_NAME = AccentColor;
				CODE_SIGN_STYLE = Automatic;
				CURRENT_PROJECT_VERSION = 1;
				DEVELOPMENT_ASSET_PATHS = "\"weatherforcast/Preview Content\"";
				DEVELOPMENT_TEAM = DM3K9DMCXL;
				ENABLE_PREVIEWS = YES;
				GENERATE_INFOPLIST_FILE = YES;
				INFOPLIST_KEY_UIApplicationSceneManifest_Generation = YES;
				INFOPLIST_KEY_UIApplicationSupportsIndirectInputEvents = YES;
				INFOPLIST_KEY_UILaunchScreen_Generation = YES;
				INFOPLIST_KEY_UISupportedInterfaceOrientations_iPad = "UIInterfaceOrientationPortrait UIInterfaceOrientationPortraitUpsideDown UIInterfaceOrientationLandscapeLeft UIInterfaceOrientationLandscapeRight";
				INFOPLIST_KEY_UISupportedInterfaceOrientations_iPhone = "UIInterfaceOrientationPortrait UIInterfaceOrientationLandscapeLeft UIInterfaceOrientationLandscapeRight";
				LD_RUNPATH_SEARCH_PATHS = (
					"$(inherited)",
					"@executable_path/Frameworks",
				);
				MARKETING_VERSION = 1.0;
				PRODUCT_BUNDLE_IDENTIFIER = tulsatech.weatherforcast;
				PRODUCT_NAME = "$(TARGET_NAME)";
				SWIFT_EMIT_LOC_STRINGS = YES;
				SWIFT_VERSION = 5.0;
				TARGETED_DEVICE_FAMILY = "1,2";
			};
			name = Debug;
		};
		7D8C21E32C88A3CD00D544C7 /* Release */ = {
			isa = XCBuildConfiguration;
			buildSettings = {
				ASSETCATALOG_COMPILER_APPICON_NAME = AppIcon;
				ASSETCATALOG_COMPILER_GLOBAL_ACCENT_COLOR_NAME = AccentColor;
				CODE_SIGN_STYLE = Automatic;
				CURRENT_PROJECT_VERSION = 1;
				DEVELOPMENT_ASSET_PATHS = "\"weatherforcast/Preview Content\"";
				DEVELOPMENT_TEAM = DM3K9DMCXL;
				ENABLE_PREVIEWS = YES;
				GENERATE_INFOPLIST_FILE = YES;
				INFOPLIST_KEY_UIApplicationSceneManifest_Generation = YES;
				INFOPLIST_KEY_UIApplicationSupportsIndirectInputEvents = YES;
				INFOPLIST_KEY_UILaunchScreen_Generation = YES;
				INFOPLIST_KEY_UISupportedInterfaceOrientations_iPad = "UIInterfaceOrientationPortrait UIInterfaceOrientationPortraitUpsideDown UIInterfaceOrientationLandscapeLeft UIInterfaceOrientationLandscapeRight";
				INFOPLIST_KEY_UISupportedInterfaceOrientations_iPhone = "UIInterfaceOrientationPortrait UIInterfaceOrientationLandscapeLeft UIInterfaceOrientationLandscapeRight";
				LD_RUNPATH_SEARCH_PATHS = (
					"$(inherited)",
					"@executable_path/Frameworks",
				);
				MARKETING_VERSION = 1.0;
				PRODUCT_BUNDLE_IDENTIFIER = tulsatech.weatherforcast;
				PRODUCT_NAME = "$(TARGET_NAME)";
				SWIFT_EMIT_LOC_STRINGS = YES;
				SWIFT_VERSION = 5.0;
				TARGETED_DEVICE_FAMILY = "1,2";
			};
			name = Release;
		};
		7D8C21E52C88A3CD00D544C7 /* Debug */ = {
			isa = XCBuildConfiguration;
			buildSettings = {
				ALWAYS_EMBED_SWIFT_STANDARD_LIBRARIES = YES;
				BUNDLE_LOADER = "$(TEST_HOST)";
				CODE_SIGN_STYLE = Automatic;
				CURRENT_PROJECT_VERSION = 1;
				DEVELOPMENT_TEAM = DM3K9DMCXL;
				GENERATE_INFOPLIST_FILE = YES;
				IPHONEOS_DEPLOYMENT_TARGET = 17.5;
				MARKETING_VERSION = 1.0;
				PRODUCT_BUNDLE_IDENTIFIER = tulsatech.weatherforcastTests;
				PRODUCT_NAME = "$(TARGET_NAME)";
				SWIFT_EMIT_LOC_STRINGS = NO;
				SWIFT_VERSION = 5.0;
				TARGETED_DEVICE_FAMILY = "1,2";
				TEST_HOST = "$(BUILT_PRODUCTS_DIR)/weatherforcast.app/$(BUNDLE_EXECUTABLE_FOLDER_PATH)/weatherforcast";
			};
			name = Debug;
		};
		7D8C21E62C88A3CD00D544C7 /* Release */ = {
			isa = XCBuildConfiguration;
			buildSettings = {
				ALWAYS_EMBED_SWIFT_STANDARD_LIBRARIES = YES;
				BUNDLE_LOADER = "$(TEST_HOST)";
				CODE_SIGN_STYLE = Automatic;
				CURRENT_PROJECT_VERSION = 1;
				DEVELOPMENT_TEAM = DM3K9DMCXL;
				GENERATE_INFOPLIST_FILE = YES;
				IPHONEOS_DEPLOYMENT_TARGET = 17.5;
				MARKETING_VERSION = 1.0;
				PRODUCT_BUNDLE_IDENTIFIER = tulsatech.weatherforcastTests;
				PRODUCT_NAME = "$(TARGET_NAME)";
				SWIFT_EMIT_LOC_STRINGS = NO;
				SWIFT_VERSION = 5.0;
				TARGETED_DEVICE_FAMILY = "1,2";
				TEST_HOST = "$(BUILT_PRODUCTS_DIR)/weatherforcast.app/$(BUNDLE_EXECUTABLE_FOLDER_PATH)/weatherforcast";
			};
			name = Release;
		};
		7D8C21E82C88A3CD00D544C7 /* Debug */ = {
			isa = XCBuildConfiguration;
			buildSettings = {
				ALWAYS_EMBED_SWIFT_STANDARD_LIBRARIES = YES;
				CODE_SIGN_STYLE = Automatic;
				CURRENT_PROJECT_VERSION = 1;
				DEVELOPMENT_TEAM = DM3K9DMCXL;
				GENERATE_INFOPLIST_FILE = YES;
				MARKETING_VERSION = 1.0;
				PRODUCT_BUNDLE_IDENTIFIER = tulsatech.weatherforcastUITests;
				PRODUCT_NAME = "$(TARGET_NAME)";
				SWIFT_EMIT_LOC_STRINGS = NO;
				SWIFT_VERSION = 5.0;
				TARGETED_DEVICE_FAMILY = "1,2";
				TEST_TARGET_NAME = weatherforcast;
			};
			name = Debug;
		};
		7D8C21E92C88A3CD00D544C7 /* Release */ = {
			isa = XCBuildConfiguration;
			buildSettings = {
				ALWAYS_EMBED_SWIFT_STANDARD_LIBRARIES = YES;
				CODE_SIGN_STYLE = Automatic;
				CURRENT_PROJECT_VERSION = 1;
				DEVELOPMENT_TEAM = DM3K9DMCXL;
				GENERATE_INFOPLIST_FILE = YES;
				MARKETING_VERSION = 1.0;
				PRODUCT_BUNDLE_IDENTIFIER = tulsatech.weatherforcastUITests;
				PRODUCT_NAME = "$(TARGET_NAME)";
				SWIFT_EMIT_LOC_STRINGS = NO;
				SWIFT_VERSION = 5.0;
				TARGETED_DEVICE_FAMILY = "1,2";
				TEST_TARGET_NAME = weatherforcast;
			};
			name = Release;
		};
/* End XCBuildConfiguration section */

/* Begin XCConfigurationList section */
		7D8C21B62C88A3CC00D544C7 /* Build configuration list for PBXProject "weatherforcast" */ = {
			isa = XCConfigurationList;
			buildConfigurations = (
				7D8C21DF2C88A3CD00D544C7 /* Debug */,
				7D8C21E02C88A3CD00D544C7 /* Release */,
			);
			defaultConfigurationIsVisible = 0;
			defaultConfigurationName = Release;
		};
		7D8C21E12C88A3CD00D544C7 /* Build configuration list for PBXNativeTarget "weatherforcast" */ = {
			isa = XCConfigurationList;
			buildConfigurations = (
				7D8C21E22C88A3CD00D544C7 /* Debug */,
				7D8C21E32C88A3CD00D544C7 /* Release */,
			);
			defaultConfigurationIsVisible = 0;
			defaultConfigurationName = Release;
		};
		7D8C21E42C88A3CD00D544C7 /* Build configuration list for PBXNativeTarget "weatherforcastTests" */ = {
			isa = XCConfigurationList;
			buildConfigurations = (
				7D8C21E52C88A3CD00D544C7 /* Debug */,
				7D8C21E62C88A3CD00D544C7 /* Release */,
			);
			defaultConfigurationIsVisible = 0;
			defaultConfigurationName = Release;
		};
		7D8C21E72C88A3CD00D544C7 /* Build configuration list for PBXNativeTarget "weatherforcastUITests" */ = {
			isa = XCConfigurationList;
			buildConfigurations = (
				7D8C21E82C88A3CD00D544C7 /* Debug */,
				7D8C21E92C88A3CD00D544C7 /* Release */,
			);
			defaultConfigurationIsVisible = 0;
			defaultConfigurationName = Release;
		};
/* End XCConfigurationList section */

/* Begin XCRemoteSwiftPackageReference section */
		7D4A83B32CBD6F07009E8219 /* XCRemoteSwiftPackageReference "lottie-ios" */ = {
			isa = XCRemoteSwiftPackageReference;
			repositoryURL = "https://github.com/airbnb/lottie-ios.git";
			requirement = {
				kind = upToNextMajorVersion;
				minimumVersion = 4.5.0;
			};
		};
/* End XCRemoteSwiftPackageReference section */
	};
	rootObject = 7D8C21B32C88A3CC00D544C7 /* Project object */;
}
